// !$*UTF8*$!
{
	archiveVersion = 1;
	classes = {
	};
	objectVersion = 50;
	objects = {

/* Begin PBXBuildFile section */
		A680426425C46DDE00B72228 /* main.swift in Sources */ = {isa = PBXBuildFile; fileRef = A680426325C46DDE00B72228 /* main.swift */; };
		A6A300BC25C9E4C70024A1B3 /* Extensions.swift in Sources */ = {isa = PBXBuildFile; fileRef = A6A300BB25C9E4C70024A1B3 /* Extensions.swift */; };
		A6DB243425D6E96500605AC9 /* iOS_VolumeHelperApp.swift in Sources */ = {isa = PBXBuildFile; fileRef = A6DB243325D6E96500605AC9 /* iOS_VolumeHelperApp.swift */; };
		A6DB243625D6E96500605AC9 /* ContentView.swift in Sources */ = {isa = PBXBuildFile; fileRef = A6DB243525D6E96500605AC9 /* ContentView.swift */; };
		A6DB243825D6E96B00605AC9 /* Assets.xcassets in Resources */ = {isa = PBXBuildFile; fileRef = A6DB243725D6E96B00605AC9 /* Assets.xcassets */; };
		A6DB243B25D6E96B00605AC9 /* Preview Assets.xcassets in Resources */ = {isa = PBXBuildFile; fileRef = A6DB243A25D6E96B00605AC9 /* Preview Assets.xcassets */; };
		A6DB244325D6E9AC00605AC9 /* File.swift in Sources */ = {isa = PBXBuildFile; fileRef = A6DB244225D6E9AC00605AC9 /* File.swift */; };
		A6DB244425D6E9AC00605AC9 /* File.swift in Sources */ = {isa = PBXBuildFile; fileRef = A6DB244225D6E9AC00605AC9 /* File.swift */; };
/* End PBXBuildFile section */

/* Begin PBXCopyFilesBuildPhase section */
		A680425E25C46DDE00B72228 /* CopyFiles */ = {
			isa = PBXCopyFilesBuildPhase;
			buildActionMask = 2147483647;
			dstPath = /usr/share/man/man1/;
			dstSubfolderSpec = 0;
			files = (
			);
			runOnlyForDeploymentPostprocessing = 1;
		};
/* End PBXCopyFilesBuildPhase section */

/* Begin PBXFileReference section */
		A680426025C46DDE00B72228 /* Perimetre Area Volume Helper */ = {isa = PBXFileReference; explicitFileType = "compiled.mach-o.executable"; includeInIndex = 0; path = "Perimetre Area Volume Helper"; sourceTree = BUILT_PRODUCTS_DIR; };
		A680426325C46DDE00B72228 /* main.swift */ = {isa = PBXFileReference; lastKnownFileType = sourcecode.swift; path = main.swift; sourceTree = "<group>"; };
		A6A300BB25C9E4C70024A1B3 /* Extensions.swift */ = {isa = PBXFileReference; fileEncoding = 4; lastKnownFileType = sourcecode.swift; path = Extensions.swift; sourceTree = "<group>"; };
		A6DB243125D6E96500605AC9 /* iOS-VolumeHelper.app */ = {isa = PBXFileReference; explicitFileType = wrapper.application; includeInIndex = 0; path = "iOS-VolumeHelper.app"; sourceTree = BUILT_PRODUCTS_DIR; };
		A6DB243325D6E96500605AC9 /* iOS_VolumeHelperApp.swift */ = {isa = PBXFileReference; lastKnownFileType = sourcecode.swift; path = iOS_VolumeHelperApp.swift; sourceTree = "<group>"; };
		A6DB243525D6E96500605AC9 /* ContentView.swift */ = {isa = PBXFileReference; lastKnownFileType = sourcecode.swift; path = ContentView.swift; sourceTree = "<group>"; };
		A6DB243725D6E96B00605AC9 /* Assets.xcassets */ = {isa = PBXFileReference; lastKnownFileType = folder.assetcatalog; path = Assets.xcassets; sourceTree = "<group>"; };
		A6DB243A25D6E96B00605AC9 /* Preview Assets.xcassets */ = {isa = PBXFileReference; lastKnownFileType = folder.assetcatalog; path = "Preview Assets.xcassets"; sourceTree = "<group>"; };
		A6DB243C25D6E96B00605AC9 /* Info.plist */ = {isa = PBXFileReference; lastKnownFileType = text.plist.xml; path = Info.plist; sourceTree = "<group>"; };
		A6DB244225D6E9AC00605AC9 /* File.swift */ = {isa = PBXFileReference; lastKnownFileType = sourcecode.swift; path = File.swift; sourceTree = "<group>"; };
/* End PBXFileReference section */

/* Begin PBXFrameworksBuildPhase section */
		A680425D25C46DDE00B72228 /* Frameworks */ = {
			isa = PBXFrameworksBuildPhase;
			buildActionMask = 2147483647;
			files = (
			);
			runOnlyForDeploymentPostprocessing = 0;
		};
		A6DB242E25D6E96500605AC9 /* Frameworks */ = {
			isa = PBXFrameworksBuildPhase;
			buildActionMask = 2147483647;
			files = (
			);
			runOnlyForDeploymentPostprocessing = 0;
		};
/* End PBXFrameworksBuildPhase section */

/* Begin PBXGroup section */
		A680425725C46DDE00B72228 = {
			isa = PBXGroup;
			children = (
				A6DB244225D6E9AC00605AC9 /* File.swift */,
				A6A300BB25C9E4C70024A1B3 /* Extensions.swift */,
				A680426225C46DDE00B72228 /* Perimetre Area Volume Helper */,
				A6DB243225D6E96500605AC9 /* iOS-VolumeHelper */,
				A680426125C46DDE00B72228 /* Products */,
				A6A300AB25C86C980024A1B3 /* Frameworks */,
			);
			sourceTree = "<group>";
		};
		A680426125C46DDE00B72228 /* Products */ = {
			isa = PBXGroup;
			children = (
				A680426025C46DDE00B72228 /* Perimetre Area Volume Helper */,
				A6DB243125D6E96500605AC9 /* iOS-VolumeHelper.app */,
			);
			name = Products;
			sourceTree = "<group>";
		};
		A680426225C46DDE00B72228 /* Perimetre Area Volume Helper */ = {
			isa = PBXGroup;
			children = (
				A680426325C46DDE00B72228 /* main.swift */,
			);
			path = "Perimetre Area Volume Helper";
			sourceTree = "<group>";
		};
		A6A300AB25C86C980024A1B3 /* Frameworks */ = {
			isa = PBXGroup;
			children = (
			);
			name = Frameworks;
			sourceTree = "<group>";
		};
		A6DB243225D6E96500605AC9 /* iOS-VolumeHelper */ = {
			isa = PBXGroup;
			children = (
				A6DB243325D6E96500605AC9 /* iOS_VolumeHelperApp.swift */,
				A6DB243525D6E96500605AC9 /* ContentView.swift */,
				A6DB243725D6E96B00605AC9 /* Assets.xcassets */,
				A6DB243C25D6E96B00605AC9 /* Info.plist */,
				A6DB243925D6E96B00605AC9 /* Preview Content */,
			);
			path = "iOS-VolumeHelper";
			sourceTree = "<group>";
		};
		A6DB243925D6E96B00605AC9 /* Preview Content */ = {
			isa = PBXGroup;
			children = (
				A6DB243A25D6E96B00605AC9 /* Preview Assets.xcassets */,
			);
			path = "Preview Content";
			sourceTree = "<group>";
		};
/* End PBXGroup section */

/* Begin PBXNativeTarget section */
		A680425F25C46DDE00B72228 /* Perimetre Area Volume Helper */ = {
			isa = PBXNativeTarget;
			buildConfigurationList = A680426725C46DDE00B72228 /* Build configuration list for PBXNativeTarget "Perimetre Area Volume Helper" */;
			buildPhases = (
				A680425C25C46DDE00B72228 /* Sources */,
				A680425D25C46DDE00B72228 /* Frameworks */,
				A680425E25C46DDE00B72228 /* CopyFiles */,
			);
			buildRules = (
			);
			dependencies = (
			);
			name = "Perimetre Area Volume Helper";
			productName = "Perimetre Area Volume Helper";
			productReference = A680426025C46DDE00B72228 /* Perimetre Area Volume Helper */;
			productType = "com.apple.product-type.tool";
		};
		A6DB243025D6E96500605AC9 /* iOS-VolumeHelper */ = {
			isa = PBXNativeTarget;
			buildConfigurationList = A6DB243F25D6E96B00605AC9 /* Build configuration list for PBXNativeTarget "iOS-VolumeHelper" */;
			buildPhases = (
				A6DB242D25D6E96500605AC9 /* Sources */,
				A6DB242E25D6E96500605AC9 /* Frameworks */,
				A6DB242F25D6E96500605AC9 /* Resources */,
			);
			buildRules = (
			);
			dependencies = (
			);
			name = "iOS-VolumeHelper";
			productName = "iOS-VolumeHelper";
			productReference = A6DB243125D6E96500605AC9 /* iOS-VolumeHelper.app */;
			productType = "com.apple.product-type.application";
		};
/* End PBXNativeTarget section */

/* Begin PBXProject section */
		A680425825C46DDE00B72228 /* Project object */ = {
			isa = PBXProject;
			attributes = {
				LastSwiftUpdateCheck = 1230;
				LastUpgradeCheck = 1230;
				TargetAttributes = {
					A680425F25C46DDE00B72228 = {
						CreatedOnToolsVersion = 12.3;
					};
					A6DB243025D6E96500605AC9 = {
						CreatedOnToolsVersion = 12.3;
					};
				};
			};
			buildConfigurationList = A680425B25C46DDE00B72228 /* Build configuration list for PBXProject "Perimetre Area Volume Helper" */;
			compatibilityVersion = "Xcode 9.3";
			developmentRegion = en;
			hasScannedForEncodings = 0;
			knownRegions = (
				en,
				Base,
			);
			mainGroup = A680425725C46DDE00B72228;
			productRefGroup = A680426125C46DDE00B72228 /* Products */;
			projectDirPath = "";
			projectRoot = "";
			targets = (
				A680425F25C46DDE00B72228 /* Perimetre Area Volume Helper */,
				A6DB243025D6E96500605AC9 /* iOS-VolumeHelper */,
			);
		};
/* End PBXProject section */

/* Begin PBXResourcesBuildPhase section */
		A6DB242F25D6E96500605AC9 /* Resources */ = {
			isa = PBXResourcesBuildPhase;
			buildActionMask = 2147483647;
			files = (
				A6DB243B25D6E96B00605AC9 /* Preview Assets.xcassets in Resources */,
				A6DB243825D6E96B00605AC9 /* Assets.xcassets in Resources */,
			);
			runOnlyForDeploymentPostprocessing = 0;
		};
/* End PBXResourcesBuildPhase section */

/* Begin PBXSourcesBuildPhase section */
		A680425C25C46DDE00B72228 /* Sources */ = {
			isa = PBXSourcesBuildPhase;
			buildActionMask = 2147483647;
			files = (
				A680426425C46DDE00B72228 /* main.swift in Sources */,
				A6DB244325D6E9AC00605AC9 /* File.swift in Sources */,
				A6A300BC25C9E4C70024A1B3 /* Extensions.swift in Sources */,
			);
			runOnlyForDeploymentPostprocessing = 0;
		};
		A6DB242D25D6E96500605AC9 /* Sources */ = {
			isa = PBXSourcesBuildPhase;
			buildActionMask = 2147483647;
			files = (
				A6DB243625D6E96500605AC9 /* ContentView.swift in Sources */,
				A6DB244425D6E9AC00605AC9 /* File.swift in Sources */,
				A6DB243425D6E96500605AC9 /* iOS_VolumeHelperApp.swift in Sources */,
			);
			runOnlyForDeploymentPostprocessing = 0;
		};
/* End PBXSourcesBuildPhase section */

/* Begin XCBuildConfiguration section */
		A680426525C46DDE00B72228 /* Debug */ = {
			isa = XCBuildConfiguration;
			buildSettings = {
				ALWAYS_SEARCH_USER_PATHS = NO;
				CLANG_ANALYZER_NONNULL = YES;
				CLANG_ANALYZER_NUMBER_OBJECT_CONVERSION = YES_AGGRESSIVE;
				CLANG_CXX_LANGUAGE_STANDARD = "gnu++14";
				CLANG_CXX_LIBRARY = "libc++";
				CLANG_ENABLE_MODULES = YES;
				CLANG_ENABLE_OBJC_ARC = YES;
				CLANG_ENABLE_OBJC_WEAK = YES;
				CLANG_WARN_BLOCK_CAPTURE_AUTORELEASING = YES;
				CLANG_WARN_BOOL_CONVERSION = YES;
				CLANG_WARN_COMMA = YES;
				CLANG_WARN_CONSTANT_CONVERSION = YES;
				CLANG_WARN_DEPRECATED_OBJC_IMPLEMENTATIONS = YES;
				CLANG_WARN_DIRECT_OBJC_ISA_USAGE = YES_ERROR;
				CLANG_WARN_DOCUMENTATION_COMMENTS = YES;
				CLANG_WARN_EMPTY_BODY = YES;
				CLANG_WARN_ENUM_CONVERSION = YES;
				CLANG_WARN_INFINITE_RECURSION = YES;
				CLANG_WARN_INT_CONVERSION = YES;
				CLANG_WARN_NON_LITERAL_NULL_CONVERSION = YES;
				CLANG_WARN_OBJC_IMPLICIT_RETAIN_SELF = YES;
				CLANG_WARN_OBJC_LITERAL_CONVERSION = YES;
				CLANG_WARN_OBJC_ROOT_CLASS = YES_ERROR;
				CLANG_WARN_QUOTED_INCLUDE_IN_FRAMEWORK_HEADER = YES;
				CLANG_WARN_RANGE_LOOP_ANALYSIS = YES;
				CLANG_WARN_STRICT_PROTOTYPES = YES;
				CLANG_WARN_SUSPICIOUS_MOVE = YES;
				CLANG_WARN_UNGUARDED_AVAILABILITY = YES_AGGRESSIVE;
				CLANG_WARN_UNREACHABLE_CODE = YES;
				CLANG_WARN__DUPLICATE_METHOD_MATCH = YES;
				COPY_PHASE_STRIP = NO;
				DEBUG_INFORMATION_FORMAT = dwarf;
				ENABLE_STRICT_OBJC_MSGSEND = YES;
				ENABLE_TESTABILITY = YES;
				GCC_C_LANGUAGE_STANDARD = gnu11;
				GCC_DYNAMIC_NO_PIC = NO;
				GCC_NO_COMMON_BLOCKS = YES;
				GCC_OPTIMIZATION_LEVEL = 0;
				GCC_PREPROCESSOR_DEFINITIONS = (
					"DEBUG=1",
					"$(inherited)",
				);
				GCC_WARN_64_TO_32_BIT_CONVERSION = YES;
				GCC_WARN_ABOUT_RETURN_TYPE = YES_ERROR;
				GCC_WARN_UNDECLARED_SELECTOR = YES;
				GCC_WARN_UNINITIALIZED_AUTOS = YES_AGGRESSIVE;
				GCC_WARN_UNUSED_FUNCTION = YES;
				GCC_WARN_UNUSED_VARIABLE = YES;
				MACOSX_DEPLOYMENT_TARGET = 10.15;
				MTL_ENABLE_DEBUG_INFO = INCLUDE_SOURCE;
				MTL_FAST_MATH = YES;
				ONLY_ACTIVE_ARCH = YES;
				SDKROOT = macosx;
				SWIFT_ACTIVE_COMPILATION_CONDITIONS = DEBUG;
				SWIFT_OPTIMIZATION_LEVEL = "-Onone";
			};
			name = Debug;
		};
		A680426625C46DDE00B72228 /* Release */ = {
			isa = XCBuildConfiguration;
			buildSettings = {
				ALWAYS_SEARCH_USER_PATHS = NO;
				CLANG_ANALYZER_NONNULL = YES;
				CLANG_ANALYZER_NUMBER_OBJECT_CONVERSION = YES_AGGRESSIVE;
				CLANG_CXX_LANGUAGE_STANDARD = "gnu++14";
				CLANG_CXX_LIBRARY = "libc++";
				CLANG_ENABLE_MODULES = YES;
				CLANG_ENABLE_OBJC_ARC = YES;
				CLANG_ENABLE_OBJC_WEAK = YES;
				CLANG_WARN_BLOCK_CAPTURE_AUTORELEASING = YES;
				CLANG_WARN_BOOL_CONVERSION = YES;
				CLANG_WARN_COMMA = YES;
				CLANG_WARN_CONSTANT_CONVERSION = YES;
				CLANG_WARN_DEPRECATED_OBJC_IMPLEMENTATIONS = YES;
				CLANG_WARN_DIRECT_OBJC_ISA_USAGE = YES_ERROR;
				CLANG_WARN_DOCUMENTATION_COMMENTS = YES;
				CLANG_WARN_EMPTY_BODY = YES;
				CLANG_WARN_ENUM_CONVERSION = YES;
				CLANG_WARN_INFINITE_RECURSION = YES;
				CLANG_WARN_INT_CONVERSION = YES;
				CLANG_WARN_NON_LITERAL_NULL_CONVERSION = YES;
				CLANG_WARN_OBJC_IMPLICIT_RETAIN_SELF = YES;
				CLANG_WARN_OBJC_LITERAL_CONVERSION = YES;
				CLANG_WARN_OBJC_ROOT_CLASS = YES_ERROR;
				CLANG_WARN_QUOTED_INCLUDE_IN_FRAMEWORK_HEADER = YES;
				CLANG_WARN_RANGE_LOOP_ANALYSIS = YES;
				CLANG_WARN_STRICT_PROTOTYPES = YES;
				CLANG_WARN_SUSPICIOUS_MOVE = YES;
				CLANG_WARN_UNGUARDED_AVAILABILITY = YES_AGGRESSIVE;
				CLANG_WARN_UNREACHABLE_CODE = YES;
				CLANG_WARN__DUPLICATE_METHOD_MATCH = YES;
				COPY_PHASE_STRIP = NO;
				DEBUG_INFORMATION_FORMAT = "dwarf-with-dsym";
				ENABLE_NS_ASSERTIONS = NO;
				ENABLE_STRICT_OBJC_MSGSEND = YES;
				GCC_C_LANGUAGE_STANDARD = gnu11;
				GCC_NO_COMMON_BLOCKS = YES;
				GCC_WARN_64_TO_32_BIT_CONVERSION = YES;
				GCC_WARN_ABOUT_RETURN_TYPE = YES_ERROR;
				GCC_WARN_UNDECLARED_SELECTOR = YES;
				GCC_WARN_UNINITIALIZED_AUTOS = YES_AGGRESSIVE;
				GCC_WARN_UNUSED_FUNCTION = YES;
				GCC_WARN_UNUSED_VARIABLE = YES;
				MACOSX_DEPLOYMENT_TARGET = 10.15;
				MTL_ENABLE_DEBUG_INFO = NO;
				MTL_FAST_MATH = YES;
				SDKROOT = macosx;
				SWIFT_COMPILATION_MODE = wholemodule;
				SWIFT_OPTIMIZATION_LEVEL = "-O";
			};
			name = Release;
		};
		A680426825C46DDE00B72228 /* Debug */ = {
			isa = XCBuildConfiguration;
			buildSettings = {
				CODE_SIGN_STYLE = Automatic;
				DEVELOPMENT_TEAM = S2D4LD8KV4;
				ENABLE_HARDENED_RUNTIME = YES;
				PRODUCT_NAME = "$(TARGET_NAME)";
				SWIFT_VERSION = 5.0;
			};
			name = Debug;
		};
		A680426925C46DDE00B72228 /* Release */ = {
			isa = XCBuildConfiguration;
			buildSettings = {
				CODE_SIGN_STYLE = Automatic;
				DEVELOPMENT_TEAM = S2D4LD8KV4;
				ENABLE_HARDENED_RUNTIME = YES;
				PRODUCT_NAME = "$(TARGET_NAME)";
				SWIFT_VERSION = 5.0;
			};
			name = Release;
		};
		A6DB243D25D6E96B00605AC9 /* Debug */ = {
			isa = XCBuildConfiguration;
			buildSettings = {
				ASSETCATALOG_COMPILER_APPICON_NAME = AppIcon;
				ASSETCATALOG_COMPILER_GLOBAL_ACCENT_COLOR_NAME = AccentColor;
				CODE_SIGN_STYLE = Automatic;
				DEVELOPMENT_ASSET_PATHS = "\"iOS-VolumeHelper/Preview Content\"";
				DEVELOPMENT_TEAM = S2D4LD8KV4;
				ENABLE_PREVIEWS = YES;
				INFOPLIST_FILE = "iOS-VolumeHelper/Info.plist";
				IPHONEOS_DEPLOYMENT_TARGET = 14.3;
				LD_RUNPATH_SEARCH_PATHS = (
					"$(inherited)",
					"@executable_path/Frameworks",
				);
				PRODUCT_BUNDLE_IDENTIFIER = "ca.bradleykang.iOS-VolumeHelper";
				PRODUCT_NAME = "$(TARGET_NAME)";
				SDKROOT = iphoneos;
				SWIFT_VERSION = 5.0;
				TARGETED_DEVICE_FAMILY = "1,2";
			};
			name = Debug;
		};
		A6DB243E25D6E96B00605AC9 /* Release */ = {
			isa = XCBuildConfiguration;
			buildSettings = {
				ASSETCATALOG_COMPILER_APPICON_NAME = AppIcon;
				ASSETCATALOG_COMPILER_GLOBAL_ACCENT_COLOR_NAME = AccentColor;
				CODE_SIGN_STYLE = Automatic;
				DEVELOPMENT_ASSET_PATHS = "\"iOS-VolumeHelper/Preview Content\"";
				DEVELOPMENT_TEAM = S2D4LD8KV4;
				ENABLE_PREVIEWS = YES;
				INFOPLIST_FILE = "iOS-VolumeHelper/Info.plist";
				IPHONEOS_DEPLOYMENT_TARGET = 14.3;
				LD_RUNPATH_SEARCH_PATHS = (
					"$(inherited)",
					"@executable_path/Frameworks",
				);
				PRODUCT_BUNDLE_IDENTIFIER = "ca.bradleykang.iOS-VolumeHelper";
				PRODUCT_NAME = "$(TARGET_NAME)";
				SDKROOT = iphoneos;
				SWIFT_VERSION = 5.0;
				TARGETED_DEVICE_FAMILY = "1,2";
				VALIDATE_PRODUCT = YES;
			};
			name = Release;
		};
/* End XCBuildConfiguration section */

/* Begin XCConfigurationList section */
		A680425B25C46DDE00B72228 /* Build configuration list for PBXProject "Perimetre Area Volume Helper" */ = {
			isa = XCConfigurationList;
			buildConfigurations = (
				A680426525C46DDE00B72228 /* Debug */,
				A680426625C46DDE00B72228 /* Release */,
			);
			defaultConfigurationIsVisible = 0;
			defaultConfigurationName = Release;
		};
		A680426725C46DDE00B72228 /* Build configuration list for PBXNativeTarget "Perimetre Area Volume Helper" */ = {
			isa = XCConfigurationList;
			buildConfigurations = (
				A680426825C46DDE00B72228 /* Debug */,
				A680426925C46DDE00B72228 /* Release */,
			);
			defaultConfigurationIsVisible = 0;
			defaultConfigurationName = Release;
		};
		A6DB243F25D6E96B00605AC9 /* Build configuration list for PBXNativeTarget "iOS-VolumeHelper" */ = {
			isa = XCConfigurationList;
			buildConfigurations = (
				A6DB243D25D6E96B00605AC9 /* Debug */,
				A6DB243E25D6E96B00605AC9 /* Release */,
			);
			defaultConfigurationIsVisible = 0;
			defaultConfigurationName = Release;
		};
/* End XCConfigurationList section */
	};
	rootObject = A680425825C46DDE00B72228 /* Project object */;
}
